
Microsoft Visual Studio Solution File, Format Version 12.00
# Visual Studio 2013
VisualStudioVersion = 12.0.31101.0
MinimumVisualStudioVersion = 10.0.40219.1
Project("{FAE04EC0-301F-11D3-BF4B-00C04F79EFBC}") = "GUI", "GUI\GUI.csproj", "{9FC8586F-EC12-4C50-A6EB-57194723BE7C}"
EndProject
Project("{FAE04EC0-301F-11D3-BF4B-00C04F79EFBC}") = "Core", "Core\Core.csproj", "{EBE1F2F1-2A5D-4DA8-894D-3094C42BC165}"
EndProject
Project("{FAE04EC0-301F-11D3-BF4B-00C04F79EFBC}") = "Tests", "Tests\Tests.csproj", "{001A6CB7-EFCC-49D5-A47A-4E2A27722844}"
EndProject
Global
	GlobalSection(SolutionConfigurationPlatforms) = preSolution
		Debug|Any CPU = Debug|Any CPU
		Release|Any CPU = Release|Any CPU
	EndGlobalSection
	GlobalSection(ProjectConfigurationPlatforms) = postSolution
		{9FC8586F-EC12-4C50-A6EB-57194723BE7C}.Debug|Any CPU.ActiveCfg = Debug|Any CPU
		{9FC8586F-EC12-4C50-A6EB-57194723BE7C}.Debug|Any CPU.Build.0 = Debug|Any CPU
		{9FC8586F-EC12-4C50-A6EB-57194723BE7C}.Release|Any CPU.ActiveCfg = Release|Any CPU
		{9FC8586F-EC12-4C50-A6EB-57194723BE7C}.Release|Any CPU.Build.0 = Release|Any CPU
		{EBE1F2F1-2A5D-4DA8-894D-3094C42BC165}.Debug|Any CPU.ActiveCfg = Debug|Any CPU
		{EBE1F2F1-2A5D-4DA8-894D-3094C42BC165}.Debug|Any CPU.Build.0 = Debug|Any CPU
		{EBE1F2F1-2A5D-4DA8-894D-3094C42BC165}.Release|Any CPU.ActiveCfg = Release|Any CPU
		{EBE1F2F1-2A5D-4DA8-894D-3094C42BC165}.Release|Any CPU.Build.0 = Release|Any CPU
		{001A6CB7-EFCC-49D5-A47A-4E2A27722844}.Debug|Any CPU.ActiveCfg = Debug|Any CPU
		{001A6CB7-EFCC-49D5-A47A-4E2A27722844}.Debug|Any CPU.Build.0 = Debug|Any CPU
		{001A6CB7-EFCC-49D5-A47A-4E2A27722844}.Release|Any CPU.ActiveCfg = Release|Any CPU
		{001A6CB7-EFCC-49D5-A47A-4E2A27722844}.Release|Any CPU.Build.0 = Release|Any CPU
	EndGlobalSection
	GlobalSection(SolutionProperties) = preSolution
		HideSolutionNode = FALSE
	EndGlobalSection
EndGlobal
